
Microsoft Visual Studio Solution File, Format Version 12.00
# Visual Studio Version 16
VisualStudioVersion = 16.0.31112.23
MinimumVisualStudioVersion = 10.0.40219.1
Project("{FAE04EC0-301F-11D3-BF4B-00C04F79EFBC}") = "QLTradeReporter.Core", "QLTradeReporter.Core\QLTradeReporter.Core.csproj", "{3CCD240A-3CEE-4C47-B1CD-0F303EBE53BE}"
EndProject
Project("{FAE04EC0-301F-11D3-BF4B-00C04F79EFBC}") = "QLTradeReporter.ConsoleApp", "QLTradeReporter.ConsoleApp\QLTradeReporter.ConsoleApp.csproj", "{9327F011-D8A3-481A-93C2-C68212CD9C20}"
EndProject
Project("{2150E333-8FDC-42A3-9474-1A3956D46DE8}") = "Solution Items", "Solution Items", "{0188CACC-8A35-46F5-BD60-17E9E6F4CA6B}"
	ProjectSection(SolutionItems) = preProject
		..\..\TestFiles\input.csv = ..\..\TestFiles\input.csv
		..\..\TestFiles\output.csv = ..\..\TestFiles\output.csv
		QLTradeReporter.testsettings = QLTradeReporter.testsettings
	EndProjectSection
EndProject
Project("{FAE04EC0-301F-11D3-BF4B-00C04F79EFBC}") = "QLTradeReporter.UnitTest", "QLTradeReporter.UnitTest\QLTradeReporter.UnitTest.csproj", "{FF912840-6C37-4C8F-AB65-A5C20591403C}"
EndProject
Project("{FAE04EC0-301F-11D3-BF4B-00C04F79EFBC}") = "PostTradeMonitor", "PostTradeMonitor\PostTradeMonitor.csproj", "{A46EDFD2-B99E-46A9-921E-298F01CE6679}"
EndProject
Project("{FAE04EC0-301F-11D3-BF4B-00C04F79EFBC}") = "PostTradeReporter.ConsoleApp", "PostTradeReporter.ConsoleApp\PostTradeReporter.ConsoleApp.csproj", "{396BD4C8-E027-4425-95DF-03B6148E27A3}"
EndProject
Global
	GlobalSection(SolutionConfigurationPlatforms) = preSolution
		Debug|Any CPU = Debug|Any CPU
		Release|Any CPU = Release|Any CPU
	EndGlobalSection
	GlobalSection(ProjectConfigurationPlatforms) = postSolution
		{3CCD240A-3CEE-4C47-B1CD-0F303EBE53BE}.Debug|Any CPU.ActiveCfg = Debug|Any CPU
		{3CCD240A-3CEE-4C47-B1CD-0F303EBE53BE}.Debug|Any CPU.Build.0 = Debug|Any CPU
		{3CCD240A-3CEE-4C47-B1CD-0F303EBE53BE}.Release|Any CPU.ActiveCfg = Release|Any CPU
		{3CCD240A-3CEE-4C47-B1CD-0F303EBE53BE}.Release|Any CPU.Build.0 = Release|Any CPU
		{9327F011-D8A3-481A-93C2-C68212CD9C20}.Debug|Any CPU.ActiveCfg = Debug|Any CPU
		{9327F011-D8A3-481A-93C2-C68212CD9C20}.Debug|Any CPU.Build.0 = Debug|Any CPU
		{9327F011-D8A3-481A-93C2-C68212CD9C20}.Release|Any CPU.ActiveCfg = Release|Any CPU
		{9327F011-D8A3-481A-93C2-C68212CD9C20}.Release|Any CPU.Build.0 = Release|Any CPU
		{FF912840-6C37-4C8F-AB65-A5C20591403C}.Debug|Any CPU.ActiveCfg = Debug|Any CPU
		{FF912840-6C37-4C8F-AB65-A5C20591403C}.Debug|Any CPU.Build.0 = Debug|Any CPU
		{FF912840-6C37-4C8F-AB65-A5C20591403C}.Release|Any CPU.ActiveCfg = Release|Any CPU
		{FF912840-6C37-4C8F-AB65-A5C20591403C}.Release|Any CPU.Build.0 = Release|Any CPU
		{A46EDFD2-B99E-46A9-921E-298F01CE6679}.Debug|Any CPU.ActiveCfg = Debug|Any CPU
		{A46EDFD2-B99E-46A9-921E-298F01CE6679}.Debug|Any CPU.Build.0 = Debug|Any CPU
		{A46EDFD2-B99E-46A9-921E-298F01CE6679}.Release|Any CPU.ActiveCfg = Release|Any CPU
		{A46EDFD2-B99E-46A9-921E-298F01CE6679}.Release|Any CPU.Build.0 = Release|Any CPU
		{396BD4C8-E027-4425-95DF-03B6148E27A3}.Debug|Any CPU.ActiveCfg = Debug|Any CPU
		{396BD4C8-E027-4425-95DF-03B6148E27A3}.Debug|Any CPU.Build.0 = Debug|Any CPU
		{396BD4C8-E027-4425-95DF-03B6148E27A3}.Release|Any CPU.ActiveCfg = Release|Any CPU
		{396BD4C8-E027-4425-95DF-03B6148E27A3}.Release|Any CPU.Build.0 = Release|Any CPU
	EndGlobalSection
	GlobalSection(SolutionProperties) = preSolution
		HideSolutionNode = FALSE
	EndGlobalSection
	GlobalSection(ExtensibilityGlobals) = postSolution
		SolutionGuid = {BF0431C7-5D51-4870-B482-D28ABD95C39D}
	EndGlobalSection
EndGlobal
